lockfileVersion: '9.0'

settings:
  autoInstallPeers: true
  excludeLinksFromLockfile: false

importers:

  .:
    dependencies:
      masto:
        specifier: ^6.7.7
        version: 6.7.7
    devDependencies:
      '@types/node':
        specifier: ^20.12.12
        version: 20.12.12
      typescript:
        specifier: ^5.4.5
        version: 5.4.5

packages:

  '@types/node@20.12.12':
    resolution: {integrity: sha512-eWLDGF/FOSPtAvEqeRAQ4C8LSA7M1I7i0ky1I8U7kD1J5ITyW3AsRhQrKVoWf5pFKZ2kILsEGJhsI9r93PYnOw==}

  camel-case@4.1.2:
    resolution: {integrity: sha512-gxGWBrTT1JuMx6R+o5PTXMmUnhnVzLQ9SNutD4YqKtI6ap897t3tKECYla6gCWEkplXnlNybEkZg9GEGxKFCgw==}

  capital-case@1.0.4:
    resolution: {integrity: sha512-ds37W8CytHgwnhGGTi88pcPyR15qoNkOpYwmMMfnWqqWgESapLqvDx6huFjQ5vqWSn2Z06173XNA7LtMOeUh1A==}

  change-case@4.1.2:
    resolution: {integrity: sha512-bSxY2ws9OtviILG1EiY5K7NNxkqg/JnRnFxLtKQ96JaviiIxi7djMrSd0ECT9AC+lttClmYwKw53BWpOMblo7A==}

  constant-case@3.0.4:
    resolution: {integrity: sha512-I2hSBi7Vvs7BEuJDr5dDHfzb/Ruj3FyvFyh7KLilAjNQw3Be+xgqUBA2W6scVEcL0hL1dwPRtIqEPVUCKkSsyQ==}

  dot-case@3.0.4:
    resolution: {integrity: sha512-Kv5nKlh6yRrdrGvxeJ2e5y2eRUpkUosIW4A2AS38zwSz27zu7ufDwQPi5Jhs3XAlGNetl3bmnGhQsMtkKJnj3w==}

  events-to-async@2.0.1:
    resolution: {integrity: sha512-RtnLYrMbXp4JkZIoZu+3VTqV21bNVBlJBZ4NmtwvMNqSE3qouhxv2gvLE4JJDaQc54ioPkrX74V6x+hp/hqjkQ==}

  header-case@2.0.4:
    resolution: {integrity: sha512-H/vuk5TEEVZwrR0lp2zed9OCo1uAILMlx0JEMgC26rzyJJ3N1v6XkwHHXJQdR2doSjcGPM6OKPYoJgf0plJ11Q==}

  isomorphic-ws@5.0.0:
    resolution: {integrity: sha512-muId7Zzn9ywDsyXgTIafTry2sV3nySZeUDe6YedVd1Hvuuep5AsIlqK+XefWpYTyJG5e503F2xIuT2lcU6rCSw==}
    peerDependencies:
      ws: '*'

  lower-case@2.0.2:
    resolution: {integrity: sha512-7fm3l3NAF9WfN6W3JOmf5drwpVqX78JtoGJ3A6W0a6ZnldM41w2fV5D490psKFTpMds8TJse/eHLFFsNHHjHgg==}

  masto@6.7.7:
    resolution: {integrity: sha512-iu9pWcBfyJO+GXgmZQo8/nSS2N3p5FYSiR+gZNDMT/LMUZgA9Pmr/YeGgn4uqoz/rllQtFm2W/+1v1Etr4b1pA==}

  no-case@3.0.4:
    resolution: {integrity: sha512-fgAN3jGAh+RoxUGZHTSOLJIqUc2wmoBwGR4tbpNAKmmovFoWq0OdRkb0VkldReO2a2iBT/OEulG9XSUc10r3zg==}

  param-case@3.0.4:
    resolution: {integrity: sha512-RXlj7zCYokReqWpOPH9oYivUzLYZ5vAPIfEmCTNViosC78F8F0H9y7T7gG2M39ymgutxF5gcFEsyZQSph9Bp3A==}

  pascal-case@3.1.2:
    resolution: {integrity: sha512-uWlGT3YSnK9x3BQJaOdcZwrnV6hPpd8jFH1/ucpiLRPh/2zCVJKS19E4GvYHvaCcACn3foXZ0cLB9Wrx1KGe5g==}

  path-case@3.0.4:
    resolution: {integrity: sha512-qO4qCFjXqVTrcbPt/hQfhTQ+VhFsqNKOPtytgNKkKxSoEp3XPUQ8ObFuePylOIok5gjn69ry8XiULxCwot3Wfg==}

  sentence-case@3.0.4:
    resolution: {integrity: sha512-8LS0JInaQMCRoQ7YUytAo/xUu5W2XnQxV2HI/6uM6U7CITS1RqPElr30V6uIqyMKM9lJGRVFy5/4CuzcixNYSg==}

  snake-case@3.0.4:
    resolution: {integrity: sha512-LAOh4z89bGQvl9pFfNF8V146i7o7/CqFPbqzYgP+yYzDIDeS9HaNFtXABamRW+AQzEVODcvE79ljJ+8a9YSdMg==}

  ts-custom-error@3.3.1:
    resolution: {integrity: sha512-5OX1tzOjxWEgsr/YEUWSuPrQ00deKLh6D7OTWcvNHm12/7QPyRh8SYpyWvA4IZv8H/+GQWQEh/kwo95Q9OVW1A==}
    engines: {node: '>=14.0.0'}

  tslib@2.6.2:
    resolution: {integrity: sha512-AEYxH93jGFPn/a2iVAwW87VuUIkR1FVUKB77NwMF7nBTDkDrrT/Hpt/IrCJ0QXhW27jTBDcf5ZY7w6RiqTMw2Q==}

  typescript@5.4.5:
    resolution: {integrity: sha512-vcI4UpRgg81oIRUFwR0WSIHKt11nJ7SAVlYNIu+QpqeyXP+gpQJy/Z4+F0aGxSE4MqwjyXvW/TzgkLAx2AGHwQ==}
    engines: {node: '>=14.17'}
    hasBin: true

  undici-types@5.26.5:
    resolution: {integrity: sha512-JlCMO+ehdEIKqlFxk6IfVoAUVmgz7cU7zD/h9XZ0qzeosSHmUJVOzSQvvYSYWXkFXC+IfLKSIffhv0sVZup6pA==}

  upper-case-first@2.0.2:
    resolution: {integrity: sha512-514ppYHBaKwfJRK/pNC6c/OxfGa0obSnAl106u97Ed0I625Nin96KAjttZF6ZL3e1XLtphxnqrOi9iWgm+u+bg==}

  upper-case@2.0.2:
    resolution: {integrity: sha512-KgdgDGJt2TpuwBUIjgG6lzw2GWFRCW9Qkfkiv0DxqHHLYJHmtmdUIKcZd8rHgFSjopVTlw6ggzCm1b8MFQwikg==}

  ws@8.17.0:
    resolution: {integrity: sha512-uJq6108EgZMAl20KagGkzCKfMEjxmKvZHG7Tlq0Z6nOky7YF7aq4mOx6xK8TJ/i1LeK4Qus7INktacctDgY8Ow==}
    engines: {node: '>=10.0.0'}
    peerDependencies:
      bufferutil: ^4.0.1
      utf-8-validate: '>=5.0.2'
    peerDependenciesMeta:
      bufferutil:
        optional: true
      utf-8-validate:
        optional: true

snapshots:

  '@types/node@20.12.12':
    dependencies:
      undici-types: 5.26.5

  camel-case@4.1.2:
    dependencies:
      pascal-case: 3.1.2
      tslib: 2.6.2

  capital-case@1.0.4:
    dependencies:
      no-case: 3.0.4
      tslib: 2.6.2
      upper-case-first: 2.0.2

  change-case@4.1.2:
    dependencies:
      camel-case: 4.1.2
      capital-case: 1.0.4
      constant-case: 3.0.4
      dot-case: 3.0.4
      header-case: 2.0.4
      no-case: 3.0.4
      param-case: 3.0.4
      pascal-case: 3.1.2
      path-case: 3.0.4
      sentence-case: 3.0.4
      snake-case: 3.0.4
      tslib: 2.6.2

  constant-case@3.0.4:
    dependencies:
      no-case: 3.0.4
      tslib: 2.6.2
      upper-case: 2.0.2

  dot-case@3.0.4:
    dependencies:
      no-case: 3.0.4
      tslib: 2.6.2

  events-to-async@2.0.1: {}

  header-case@2.0.4:
    dependencies:
      capital-case: 1.0.4
      tslib: 2.6.2

  isomorphic-ws@5.0.0(ws@8.17.0):
    dependencies:
      ws: 8.17.0

  lower-case@2.0.2:
    dependencies:
      tslib: 2.6.2

  masto@6.7.7:
    dependencies:
      change-case: 4.1.2
      events-to-async: 2.0.1
      isomorphic-ws: 5.0.0(ws@8.17.0)
      ts-custom-error: 3.3.1
      ws: 8.17.0
    transitivePeerDependencies:
      - bufferutil
      - utf-8-validate

  no-case@3.0.4:
    dependencies:
      lower-case: 2.0.2
      tslib: 2.6.2

  param-case@3.0.4:
    dependencies:
      dot-case: 3.0.4
      tslib: 2.6.2

  pascal-case@3.1.2:
    dependencies:
      no-case: 3.0.4
      tslib: 2.6.2

  path-case@3.0.4:
    dependencies:
      dot-case: 3.0.4
      tslib: 2.6.2

  sentence-case@3.0.4:
    dependencies:
      no-case: 3.0.4
      tslib: 2.6.2
      upper-case-first: 2.0.2

  snake-case@3.0.4:
    dependencies:
      dot-case: 3.0.4
      tslib: 2.6.2

  ts-custom-error@3.3.1: {}

  tslib@2.6.2: {}

  typescript@5.4.5: {}

  undici-types@5.26.5: {}

  upper-case-first@2.0.2:
    dependencies:
      tslib: 2.6.2

  upper-case@2.0.2:
    dependencies:
      tslib: 2.6.2

  ws@8.17.0: {}
